
Microsoft Visual Studio Solution File, Format Version 12.00
# Visual Studio Version 17
VisualStudioVersion = 17.8.34330.188
MinimumVisualStudioVersion = 10.0.40219.1
Project("{FAE04EC0-301F-11D3-BF4B-00C04F79EFBC}") = "RedMangoAPI", "RedMangoAPI\RedMangoAPI.csproj", "{3A260C18-1041-4DA9-BAC5-67CCF00FC53C}"
EndProject
Global
	GlobalSection(SolutionConfigurationPlatforms) = preSolution
		Debug|Any CPU = Debug|Any CPU
		Release|Any CPU = Release|Any CPU
	EndGlobalSection
	GlobalSection(ProjectConfigurationPlatforms) = postSolution
		{3A260C18-1041-4DA9-BAC5-67CCF00FC53C}.Debug|Any CPU.ActiveCfg = Debug|Any CPU
		{3A260C18-1041-4DA9-BAC5-67CCF00FC53C}.Debug|Any CPU.Build.0 = Debug|Any CPU
		{3A260C18-1041-4DA9-BAC5-67CCF00FC53C}.Release|Any CPU.ActiveCfg = Release|Any CPU
		{3A260C18-1041-4DA9-BAC5-67CCF00FC53C}.Release|Any CPU.Build.0 = Release|Any CPU
	EndGlobalSection
	GlobalSection(SolutionProperties) = preSolution
		HideSolutionNode = FALSE
	EndGlobalSection
	GlobalSection(ExtensibilityGlobals) = postSolution
		SolutionGuid = {D8DCD259-DEB8-428B-ABE0-45656696E32A}
	EndGlobalSection
EndGlobal
